// !$*UTF8*$!
{
	archiveVersion = 1;
	classes = {
	};
	objectVersion = 46;
	objects = {

/* Begin PBXBuildFile section */
		843B96FE1CABB95900850613 /* AppDelegate.swift in Sources */ = {isa = PBXBuildFile; fileRef = 843B96FD1CABB95900850613 /* AppDelegate.swift */; };
		843B97001CABB95900850613 /* ViewController.swift in Sources */ = {isa = PBXBuildFile; fileRef = 843B96FF1CABB95900850613 /* ViewController.swift */; };
		843B97031CABB95900850613 /* Main.storyboard in Resources */ = {isa = PBXBuildFile; fileRef = 843B97011CABB95900850613 /* Main.storyboard */; };
		843B97051CABB95900850613 /* Assets.xcassets in Resources */ = {isa = PBXBuildFile; fileRef = 843B97041CABB95900850613 /* Assets.xcassets */; };
		843B97081CABB95900850613 /* LaunchScreen.storyboard in Resources */ = {isa = PBXBuildFile; fileRef = 843B97061CABB95900850613 /* LaunchScreen.storyboard */; };
		843B97101CABBDCB00850613 /* CustomSegue.swift in Sources */ = {isa = PBXBuildFile; fileRef = 843B970F1CABBDCB00850613 /* CustomSegue.swift */; };
		843B97121CABBE3500850613 /* TransitionManager.swift in Sources */ = {isa = PBXBuildFile; fileRef = 843B97111CABBE3500850613 /* TransitionManager.swift */; };
		843B97141CABC5B800850613 /* SecondViewController.swift in Sources */ = {isa = PBXBuildFile; fileRef = 843B97131CABC5B800850613 /* SecondViewController.swift */; };
		843B97161CABC62900850613 /* SecondTransitionmanager.swift in Sources */ = {isa = PBXBuildFile; fileRef = 843B97151CABC62900850613 /* SecondTransitionmanager.swift */; };
		843B97181CABC92200850613 /* ThirdViewController.swift in Sources */ = {isa = PBXBuildFile; fileRef = 843B97171CABC92200850613 /* ThirdViewController.swift */; };
		843B971A1CABC9DD00850613 /* ThirdTransitionManager.swift in Sources */ = {isa = PBXBuildFile; fileRef = 843B97191CABC9DD00850613 /* ThirdTransitionManager.swift */; };
/* End PBXBuildFile section */

/* Begin PBXFileReference section */
		843B96FA1CABB95900850613 /* AnimatedTransitionTest.app */ = {isa = PBXFileReference; explicitFileType = wrapper.application; includeInIndex = 0; path = AnimatedTransitionTest.app; sourceTree = BUILT_PRODUCTS_DIR; };
		843B96FD1CABB95900850613 /* AppDelegate.swift */ = {isa = PBXFileReference; lastKnownFileType = sourcecode.swift; path = AppDelegate.swift; sourceTree = "<group>"; };
		843B96FF1CABB95900850613 /* ViewController.swift */ = {isa = PBXFileReference; lastKnownFileType = sourcecode.swift; path = ViewController.swift; sourceTree = "<group>"; };
		843B97021CABB95900850613 /* Base */ = {isa = PBXFileReference; lastKnownFileType = file.storyboard; name = Base; path = Base.lproj/Main.storyboard; sourceTree = "<group>"; };
		843B97041CABB95900850613 /* Assets.xcassets */ = {isa = PBXFileReference; lastKnownFileType = folder.assetcatalog; path = Assets.xcassets; sourceTree = "<group>"; };
		843B97071CABB95900850613 /* Base */ = {isa = PBXFileReference; lastKnownFileType = file.storyboard; name = Base; path = Base.lproj/LaunchScreen.storyboard; sourceTree = "<group>"; };
		843B97091CABB95900850613 /* Info.plist */ = {isa = PBXFileReference; lastKnownFileType = text.plist.xml; path = Info.plist; sourceTree = "<group>"; };
		843B970F1CABBDCB00850613 /* CustomSegue.swift */ = {isa = PBXFileReference; fileEncoding = 4; lastKnownFileType = sourcecode.swift; path = CustomSegue.swift; sourceTree = "<group>"; };
		843B97111CABBE3500850613 /* TransitionManager.swift */ = {isa = PBXFileReference; fileEncoding = 4; lastKnownFileType = sourcecode.swift; path = TransitionManager.swift; sourceTree = "<group>"; };
		843B97131CABC5B800850613 /* SecondViewController.swift */ = {isa = PBXFileReference; fileEncoding = 4; lastKnownFileType = sourcecode.swift; path = SecondViewController.swift; sourceTree = "<group>"; };
		843B97151CABC62900850613 /* SecondTransitionmanager.swift */ = {isa = PBXFileReference; fileEncoding = 4; lastKnownFileType = sourcecode.swift; path = SecondTransitionmanager.swift; sourceTree = "<group>"; };
		843B97171CABC92200850613 /* ThirdViewController.swift */ = {isa = PBXFileReference; fileEncoding = 4; lastKnownFileType = sourcecode.swift; path = ThirdViewController.swift; sourceTree = "<group>"; };
		843B97191CABC9DD00850613 /* ThirdTransitionManager.swift */ = {isa = PBXFileReference; fileEncoding = 4; lastKnownFileType = sourcecode.swift; path = ThirdTransitionManager.swift; sourceTree = "<group>"; };
/* End PBXFileReference section */

/* Begin PBXFrameworksBuildPhase section */
		843B96F71CABB95900850613 /* Frameworks */ = {
			isa = PBXFrameworksBuildPhase;
			buildActionMask = 2147483647;
			files = (
			);
			runOnlyForDeploymentPostprocessing = 0;
		};
/* End PBXFrameworksBuildPhase section */

/* Begin PBXGroup section */
		843B96F11CABB95900850613 = {
			isa = PBXGroup;
			children = (
				843B96FC1CABB95900850613 /* AnimatedTransitionTest */,
				843B96FB1CABB95900850613 /* Products */,
			);
			sourceTree = "<group>";
		};
		843B96FB1CABB95900850613 /* Products */ = {
			isa = PBXGroup;
			children = (
				843B96FA1CABB95900850613 /* AnimatedTransitionTest.app */,
			);
			name = Products;
			sourceTree = "<group>";
		};
		843B96FC1CABB95900850613 /* AnimatedTransitionTest */ = {
			isa = PBXGroup;
			children = (
				843B96FD1CABB95900850613 /* AppDelegate.swift */,
				843B96FF1CABB95900850613 /* ViewController.swift */,
				843B97011CABB95900850613 /* Main.storyboard */,
				843B97041CABB95900850613 /* Assets.xcassets */,
				843B97061CABB95900850613 /* LaunchScreen.storyboard */,
				843B97091CABB95900850613 /* Info.plist */,
				843B970F1CABBDCB00850613 /* CustomSegue.swift */,
				843B97111CABBE3500850613 /* TransitionManager.swift */,
				843B97131CABC5B800850613 /* SecondViewController.swift */,
				843B97151CABC62900850613 /* SecondTransitionmanager.swift */,
				843B97171CABC92200850613 /* ThirdViewController.swift */,
				843B97191CABC9DD00850613 /* ThirdTransitionManager.swift */,
			);
			path = AnimatedTransitionTest;
			sourceTree = "<group>";
		};
/* End PBXGroup section */

/* Begin PBXNativeTarget section */
		843B96F91CABB95900850613 /* AnimatedTransitionTest */ = {
			isa = PBXNativeTarget;
			buildConfigurationList = 843B970C1CABB95900850613 /* Build configuration list for PBXNativeTarget "AnimatedTransitionTest" */;
			buildPhases = (
				843B96F61CABB95900850613 /* Sources */,
				843B96F71CABB95900850613 /* Frameworks */,
				843B96F81CABB95900850613 /* Resources */,
			);
			buildRules = (
			);
			dependencies = (
			);
			name = AnimatedTransitionTest;
			productName = AnimatedTransitionTest;
			productReference = 843B96FA1CABB95900850613 /* AnimatedTransitionTest.app */;
			productType = "com.apple.product-type.application";
		};
/* End PBXNativeTarget section */

/* Begin PBXProject section */
		843B96F21CABB95900850613 /* Project object */ = {
			isa = PBXProject;
			attributes = {
				LastSwiftUpdateCheck = 0720;
				LastUpgradeCheck = 0720;
				ORGANIZATIONNAME = cascade;
				TargetAttributes = {
					843B96F91CABB95900850613 = {
						CreatedOnToolsVersion = 7.2;
					};
				};
			};
			buildConfigurationList = 843B96F51CABB95900850613 /* Build configuration list for PBXProject "AnimatedTransitionTest" */;
			compatibilityVersion = "Xcode 3.2";
			developmentRegion = English;
			hasScannedForEncodings = 0;
			knownRegions = (
				en,
				Base,
			);
			mainGroup = 843B96F11CABB95900850613;
			productRefGroup = 843B96FB1CABB95900850613 /* Products */;
			projectDirPath = "";
			projectRoot = "";
			targets = (
				843B96F91CABB95900850613 /* AnimatedTransitionTest */,
			);
		};
/* End PBXProject section */

/* Begin PBXResourcesBuildPhase section */
		843B96F81CABB95900850613 /* Resources */ = {
			isa = PBXResourcesBuildPhase;
			buildActionMask = 2147483647;
			files = (
				843B97081CABB95900850613 /* LaunchScreen.storyboard in Resources */,
				843B97051CABB95900850613 /* Assets.xcassets in Resources */,
				843B97031CABB95900850613 /* Main.storyboard in Resources */,
			);
			runOnlyForDeploymentPostprocessing = 0;
		};
/* End PBXResourcesBuildPhase section */

/* Begin PBXSourcesBuildPhase section */
		843B96F61CABB95900850613 /* Sources */ = {
			isa = PBXSourcesBuildPhase;
			buildActionMask = 2147483647;
			files = (
				843B971A1CABC9DD00850613 /* ThirdTransitionManager.swift in Sources */,
				843B97161CABC62900850613 /* SecondTransitionmanager.swift in Sources */,
				843B97121CABBE3500850613 /* TransitionManager.swift in Sources */,
				843B97001CABB95900850613 /* ViewController.swift in Sources */,
				843B97181CABC92200850613 /* ThirdViewController.swift in Sources */,
				843B97101CABBDCB00850613 /* CustomSegue.swift in Sources */,
				843B97141CABC5B800850613 /* SecondViewController.swift in Sources */,
				843B96FE1CABB95900850613 /* AppDelegate.swift in Sources */,
			);
			runOnlyForDeploymentPostprocessing = 0;
		};
/* End PBXSourcesBuildPhase section */

/* Begin PBXVariantGroup section */
		843B97011CABB95900850613 /* Main.storyboard */ = {
			isa = PBXVariantGroup;
			children = (
				843B97021CABB95900850613 /* Base */,
			);
			name = Main.storyboard;
			sourceTree = "<group>";
		};
		843B97061CABB95900850613 /* LaunchScreen.storyboard */ = {
			isa = PBXVariantGroup;
			children = (
				843B97071CABB95900850613 /* Base */,
			);
			name = LaunchScreen.storyboard;
			sourceTree = "<group>";
		};
/* End PBXVariantGroup section */

/* Begin XCBuildConfiguration section */
		843B970A1CABB95900850613 /* Debug */ = {
			isa = XCBuildConfiguration;
			buildSettings = {
				ALWAYS_SEARCH_USER_PATHS = NO;
				CLANG_CXX_LANGUAGE_STANDARD = "gnu++0x";
				CLANG_CXX_LIBRARY = "libc++";
				CLANG_ENABLE_MODULES = YES;
				CLANG_ENABLE_OBJC_ARC = YES;
				CLANG_WARN_BOOL_CONVERSION = YES;
				CLANG_WARN_CONSTANT_CONVERSION = YES;
				CLANG_WARN_DIRECT_OBJC_ISA_USAGE = YES_ERROR;
				CLANG_WARN_EMPTY_BODY = YES;
				CLANG_WARN_ENUM_CONVERSION = YES;
				CLANG_WARN_INT_CONVERSION = YES;
				CLANG_WARN_OBJC_ROOT_CLASS = YES_ERROR;
				CLANG_WARN_UNREACHABLE_CODE = YES;
				CLANG_WARN__DUPLICATE_METHOD_MATCH = YES;
				"CODE_SIGN_IDENTITY[sdk=iphoneos*]" = "iPhone Developer";
				COPY_PHASE_STRIP = NO;
				DEBUG_INFORMATION_FORMAT = dwarf;
				ENABLE_STRICT_OBJC_MSGSEND = YES;
				ENABLE_TESTABILITY = YES;
				GCC_C_LANGUAGE_STANDARD = gnu99;
				GCC_DYNAMIC_NO_PIC = NO;
				GCC_NO_COMMON_BLOCKS = YES;
				GCC_OPTIMIZATION_LEVEL = 0;
				GCC_PREPROCESSOR_DEFINITIONS = (
					"DEBUG=1",
					"$(inherited)",
				);
				GCC_WARN_64_TO_32_BIT_CONVERSION = YES;
				GCC_WARN_ABOUT_RETURN_TYPE = YES_ERROR;
				GCC_WARN_UNDECLARED_SELECTOR = YES;
				GCC_WARN_UNINITIALIZED_AUTOS = YES_AGGRESSIVE;
				GCC_WARN_UNUSED_FUNCTION = YES;
				GCC_WARN_UNUSED_VARIABLE = YES;
				IPHONEOS_DEPLOYMENT_TARGET = 9.2;
				MTL_ENABLE_DEBUG_INFO = YES;
				ONLY_ACTIVE_ARCH = YES;
				SDKROOT = iphoneos;
				SWIFT_OPTIMIZATION_LEVEL = "-Onone";
			};
			name = Debug;
		};
		843B970B1CABB95900850613 /* Release */ = {
			isa = XCBuildConfiguration;
			buildSettings = {
				ALWAYS_SEARCH_USER_PATHS = NO;
				CLANG_CXX_LANGUAGE_STANDARD = "gnu++0x";
				CLANG_CXX_LIBRARY = "libc++";
				CLANG_ENABLE_MODULES = YES;
				CLANG_ENABLE_OBJC_ARC = YES;
				CLANG_WARN_BOOL_CONVERSION = YES;
				CLANG_WARN_CONSTANT_CONVERSION = YES;
				CLANG_WARN_DIRECT_OBJC_ISA_USAGE = YES_ERROR;
				CLANG_WARN_EMPTY_BODY = YES;
				CLANG_WARN_ENUM_CONVERSION = YES;
				CLANG_WARN_INT_CONVERSION = YES;
				CLANG_WARN_OBJC_ROOT_CLASS = YES_ERROR;
				CLANG_WARN_UNREACHABLE_CODE = YES;
				CLANG_WARN__DUPLICATE_METHOD_MATCH = YES;
				"CODE_SIGN_IDENTITY[sdk=iphoneos*]" = "iPhone Developer";
				COPY_PHASE_STRIP = NO;
				DEBUG_INFORMATION_FORMAT = "dwarf-with-dsym";
				ENABLE_NS_ASSERTIONS = NO;
				ENABLE_STRICT_OBJC_MSGSEND = YES;
				GCC_C_LANGUAGE_STANDARD = gnu99;
				GCC_NO_COMMON_BLOCKS = YES;
				GCC_WARN_64_TO_32_BIT_CONVERSION = YES;
				GCC_WARN_ABOUT_RETURN_TYPE = YES_ERROR;
				GCC_WARN_UNDECLARED_SELECTOR = YES;
				GCC_WARN_UNINITIALIZED_AUTOS = YES_AGGRESSIVE;
				GCC_WARN_UNUSED_FUNCTION = YES;
				GCC_WARN_UNUSED_VARIABLE = YES;
				IPHONEOS_DEPLOYMENT_TARGET = 9.2;
				MTL_ENABLE_DEBUG_INFO = NO;
				SDKROOT = iphoneos;
				VALIDATE_PRODUCT = YES;
			};
			name = Release;
		};
		843B970D1CABB95900850613 /* Debug */ = {
			isa = XCBuildConfiguration;
			buildSettings = {
				ASSETCATALOG_COMPILER_APPICON_NAME = AppIcon;
				INFOPLIST_FILE = AnimatedTransitionTest/Info.plist;
				LD_RUNPATH_SEARCH_PATHS = "$(inherited) @executable_path/Frameworks";
				PRODUCT_BUNDLE_IDENTIFIER = com.cascade.AnimatedTransitionTest;
				PRODUCT_NAME = "$(TARGET_NAME)";
			};
			name = Debug;
		};
		843B970E1CABB95900850613 /* Release */ = {
			isa = XCBuildConfiguration;
			buildSettings = {
				ASSETCATALOG_COMPILER_APPICON_NAME = AppIcon;
				INFOPLIST_FILE = AnimatedTransitionTest/Info.plist;
				LD_RUNPATH_SEARCH_PATHS = "$(inherited) @executable_path/Frameworks";
				PRODUCT_BUNDLE_IDENTIFIER = com.cascade.AnimatedTransitionTest;
				PRODUCT_NAME = "$(TARGET_NAME)";
			};
			name = Release;
		};
/* End XCBuildConfiguration section */

/* Begin XCConfigurationList section */
		843B96F51CABB95900850613 /* Build configuration list for PBXProject "AnimatedTransitionTest" */ = {
			isa = XCConfigurationList;
			buildConfigurations = (
				843B970A1CABB95900850613 /* Debug */,
				843B970B1CABB95900850613 /* Release */,
			);
			defaultConfigurationIsVisible = 0;
			defaultConfigurationName = Release;
		};
		843B970C1CABB95900850613 /* Build configuration list for PBXNativeTarget "AnimatedTransitionTest" */ = {
			isa = XCConfigurationList;
			buildConfigurations = (
				843B970D1CABB95900850613 /* Debug */,
				843B970E1CABB95900850613 /* Release */,
			);
			defaultConfigurationIsVisible = 0;
		};
/* End XCConfigurationList section */
	};
	rootObject = 843B96F21CABB95900850613 /* Project object */;
}
